block:
  accuracy: ~
  changelog: {  }
  contest_effect: contest-effect-18
  contest_type: cute
  damage_class: status
  effect: move-effect-107
  effect_chance: ~
  flags:
    - reflectable
    - mirror
  flavor_text:
    ruby-sapphire:
      en: |-
        Blocks the foe’s way to
        prevent escape.
    emerald:
      en: |-
        Blocks the foe’s way to
        prevent escape.
    firered-leafgreen:
      en: |-
        The user blocks the
        foe’s way with arms
        spread wide to
        prevent escape.
    diamond-pearl:
      en: |
        The user blocks the
        foe’s way with arms
        spread wide to
        prevent escape.
    platinum:
      en: |
        The user blocks the
        foe’s way with arms
        spread wide to
        prevent escape.
    heartgold-soulsilver:
      en: |
        The user blocks the
        foe’s way with arms
        spread wide to
        prevent escape.
    black-white:
      en: |-
        The user blocks the target’s way with arms
        spread wide to prevent escape.
      fr: |-
        Le lanceur bloque la route de l’ennemi
        pour empêcher sa fuite.
    black-2-white-2:
      en: |-
        The user blocks the target’s way with arms
        spread wide to prevent escape.
    x-y:
      ja-Hrkt: |-
        りょうてを　ひろげて　たちはだかり
        あいての　にげみちを　ふさいで
        にげられなく　する。
      ja: |-
        両手を　ひろげて　たちはだかり
        相手の　逃げ道を　ふさいで
        逃げられなくする。
      ko: |-
        양팔을 벌려 막아서서
        상대의 도주로를 가로막아
        도망칠 수 없게 한다.
      en: |-
        The user blocks the target’s way with arms
        spread wide to prevent escape.
      fr: |-
        Le lanceur bloque la route de l’ennemi pour
        empêcher sa fuite.
      de: 'Anwender versperrt den Fluchtweg des Zieles.'
      es: |-
        Le corta el paso al objetivo para que no pueda
        escapar.
      it: |-
        Chi la usa sbarra la strada al bersaglio
        impedendone la fuga o la sostituzione.
    omega-ruby-alpha-sapphire:
      ja-Hrkt: |-
        りょうてを　ひろげて　たちはだかり
        あいての　にげ ちを　ふさいで
        にげられなく　する。
      ja: |-
        両手を　ひろげて　たちはだかり
        相手の　逃げ道を　ふさいで
        逃げられなくする。
      ko: |-
        양팔을 벌려 막아서서
        상대의 도주로를 가로막아
        도망칠 수 없게 한다.
      en: |-
        The user blocks the target’s way with arms
        spread wide to prevent escape.
      fr: |-
        Le lanceur bloque la route de l’ennemi pour
        empêcher sa fuite.
      de: 'Anwender versperrt den Fluchtweg des Zieles.'
      es: |-
        Le corta el paso al objetivo para que no pueda 
        escapar.
      it: |-
        Chi la usa sbarra la strada al bersaglio
        impedendone la fuga o la sostituzione.
    sun-moon:
      ja-Hrkt: |-
        りょうてを　ひろげて　たちはだかり
        あいての　にげみちを　ふさいで
        にげられなく　する。
      ja: |-
        両手を　ひろげて　たちはだかり
        相手の　逃げ道を　ふさいで
        逃げられなくする。
      ko: |-
        양팔을 벌려 막아서서
        상대의 도주로를 가로막아
        도망칠 수 없게 한다.
      zh-Hant: |-
        張開雙手進行阻擋，
        封住對手的退路，
        讓對手無法逃走。
      zh-Hans: |-
        张开双手进行阻挡，
        封住对手的退路，
        使其不能逃走。
      en: |-
        The user blocks the target’s way with arms spread
        wide to prevent escape.
      fr: |-
        Le lanceur bloque la route de l’ennemi pour
        empêcher sa fuite.
      de: 'Anwender versperrt den Fluchtweg des Zieles.'
      es: |-
        Le corta el paso al objetivo para que no pueda 
        escapar.
      it: |-
        Chi la usa sbarra la strada al bersaglio
        impedendone la fuga o la sostituzione.
    ultra-sun-ultra-moon:
      ja-Hrkt: |-
        りょうてを　ひろげて　たちはだかり
        あいての　にげみちを　ふさいで
        にげられなく　する。
      ja: |-
        両手を　ひろげて　たちはだかり
        相手の　逃げ道を　ふさいで
        逃げられなくする。
      ko: |-
        양팔을 벌려 막아서서
        상대의 도주로를 가로막아
        도망칠 수 없게 한다.
      zh-Hant: |-
        張開雙手進行阻擋，
        封住對手的退路，
        讓對手無法逃走。
      zh-Hans: |-
        张开双手进行阻挡，
        封住对手的退路，
        使其不能逃走。
      en: |-
        The user blocks the target’s way with arms spread
        wide to prevent escape.
      fr: |-
        Le lanceur bloque la route de l’ennemi pour
        empêcher sa fuite.
      de: 'Anwender versperrt den Fluchtweg des Zieles.'
      es: |-
        Le corta el paso al objetivo para que no pueda 
        escapar.
      it: |-
        Chi la usa sbarra la strada al bersaglio
        impedendone la fuga o la sostituzione.
    lets-go-pikachu-lets-go-eevee:
      ja-Hrkt: |-
        りょうてを　ひろげて　たちはだかり
        あいての　にげみちを　ふさいで
        にげられなく　する。
      ja: |-
        両手を　ひろげて　たちはだかり
        相手の　逃げ道を　ふさいで
        逃げられなくする。
      ko: |-
        양팔을 벌려 막아서서
        상대의 도주로를 가로막아
        도망칠 수 없게 한다.
      zh-Hant: |-
        張開雙手進行阻擋，
        封住對手的退路，
        讓對手無法逃走。
      zh-Hans: |-
        张开双手进行阻挡，
        封住对手的退路，
        使其不能逃走。
      en: |-
        The user blocks the target’s way with arms spread
        wide to prevent escape.
      fr: |-
        Le lanceur bloque la route de l’ennemi pour empêcher
        sa fuite.
      de: 'Anwender versperrt den Fluchtweg des Zieles.'
      es: |-
        Le corta el paso al objetivo para que no pueda 
        escapar.
      it: |-
        Chi la usa sbarra la strada al bersaglio
        impedendone la fuga o la sostituzione.
    sword-shield:
      ja-Hrkt: |-
        りょうてを　ひろげて　たちはだかり
        あいての　にげみちを　ふさいで
        にげられなく　する。
      ja: |-
        両手を　ひろげて　たちはだかり
        相手の　逃げ道を　ふさいで
        逃げられなくする。
      ko: |-
        양팔을 벌려 막아서서
        상대의 도주로를 가로막아
        도망칠 수 없게 한다.
      zh-Hant: |-
        張開雙手進行阻擋，
        封住對手的退路，
        讓對手無法逃走。
      zh-Hans: |-
        张开双手进行阻挡，
        封住对手的退路，
        使其不能逃走。
      en: |-
        The user blocks the target’s way with arms spread
        wide to prevent escape.
      fr: |-
        Le lanceur bloque la route de l’ennemi pour
        empêcher sa fuite.
      de: 'Anwender versperrt den Fluchtweg des Zieles.'
      es: 'Le corta el paso al objetivo para que no pueda escapar.'
      it: |-
        Chi la usa sbarra la strada al bersaglio
        impedendone la fuga o la sostituzione.
  game_index: 335
  generation: generation-iii
  meta:
    min_hits: ~
    max_hits: ~
    min_turns: ~
    max_turns: ~
    drain: 0
    healing: 0
    crit_rate: 0
    ailment_chance: 0
    flinch_chance: 0
    stat_chance: 0
    meta_ailment: none
    meta_category: unique
    stat_changes: {  }
  name:
    ja-Hrkt: とおせんぼう
    ja: とおせんぼう
    ko: 블록
    zh-Hant: 擋路
    zh-Hans: 挡路
    en: Block
    fr: Barrage
    de: Rückentzug
    es: Bloqueo
    it: Blocco
    cs: Zablokování
  power: ~
  pp: 5
  priority: 0
  super_contest_effect: super-contest-effect-13
  target: selected-pokemon
  type: normal
