fairy-lock:
  accuracy: ~
  changelog: {  }
  contest_effect: ~
  contest_type: ~
  damage_class: status
  effect: move-effect-355
  effect_chance: ~
  flags:
    - mirror
    - authentic
  flavor_text:
    x-y:
      ja-Hrkt: |-
        ロックを　かけることによって
        つぎのターン　すべての
        ポケモンを　にげられなくする。
      ja: |-
        ロックを　かけることによって
        次のターン　すべての
        ポケモンを　逃げられなくする。
      ko: |-
        록을 걸어
        다음 턴의 모든 포켓몬을
        도망가지 못하게 한다.
      en: |-
        By locking down the battlefield,
        the user keeps all Pokémon from
        fleeing during the next turn.
      fr: |-
        Des chaînes entourent la zone de combat,
        empêchant tous les Pokémon de fuir au
        prochain tour.
      de: |-
        Der Anwender sperrt alle Pokémon ein und hindert
        sie damit in der nächsten Runde an der Flucht.
      es: |-
        Consigue que ningún Pokémon pueda huir en el
        siguiente turno echando un cerrojo.
      it: |-
        Impone un blocco al terreno di lotta che nel turno
        successivo impedisce a tutti i Pokémon di fuggire.
    omega-ruby-alpha-sapphire:
      ja-Hrkt: |-
        ロックを　かけることによって
        つぎのターン　すべての
        ポケモンを　にげられなくする。
      ja: |-
        ロックを　かけることによって
        次のターン　すべての
        ポケモンを　逃げられなくする。
      ko: |-
        록을 걸어
        다음 턴의 모든 포켓몬을
        도망가지 못하게 한다.
      en: |-
        By locking down the battlefield,
        the user keeps all Pokémon from
        fleeing during the next turn.
      fr: |-
        Des chaînes entourent la zone de combat,
        empêchant tous les Pokémon de fuir au
        prochain tour.
      de: |-
        Der Anwender sperrt alle Pokémon ein und hindert
        sie damit in der nächsten Runde an der Flucht.
      es: |-
        Consigue que ningún Pokémon pueda huir en el 
        siguiente turno echando un cerrojo.
      it: |-
        Impone un blocco al terreno di lotta che nel turno
        successivo impedisce a tutti i Pokémon di fuggire.
    sun-moon:
      ja-Hrkt: |-
        ロックを　かけることによって
        つぎのターン　すべての
        ポケモンを　にげられなくする。
      ja: |-
        ロックを　かけることによって
        次のターン　すべての
        ポケモンを　逃げられなくする。
      ko: |-
        록을 걸어
        다음 턴의 모든 포켓몬을
        도망가지 못하게 한다.
      zh-Hant: |-
        封鎖對戰場地，
        下一回合所有的
        寶可夢都無法逃走。
      zh-Hans: |-
        通过封锁，
        下一回合所有的
        宝可梦都无法逃走。
      en: |-
        By locking down the battlefield, the user keeps all
        Pokémon from fleeing during the next turn.
      fr: |-
        Des chaînes entourent la zone de combat,
        empêchant tous les Pokémon de fuir au
        prochain tour.
      de: |-
        Der Anwender sperrt alle Pokémon ein und hindert
        sie damit in der nächsten Runde an der Flucht.
      es: |-
        Consigue que ningún Pokémon pueda huir en el 
        siguiente turno echando un cerrojo.
      it: |-
        Impone un blocco al terreno di lotta che nel turno
        successivo impedisce a tutti i Pokémon di fuggire.
    ultra-sun-ultra-moon:
      ja-Hrkt: |-
        ロックを　かけることによって
        つぎのターン　すべての
        ポケモンを　にげられなくする。
      ja: |-
        ロックを　かけることによって
        次のターン　すべての
        ポケモンを　逃げられなくする。
      ko: |-
        록을 걸어
        다음 턴의 모든 포켓몬을
        도망가지 못하게 한다.
      zh-Hant: |-
        封鎖對戰場地，
        下一回合所有的
        寶可夢都無法逃走。
      zh-Hans: |-
        通过封锁，
        下一回合所有的
        宝可梦都无法逃走。
      en: |-
        By locking down the battlefield, the user keeps all
        Pokémon from fleeing during the next turn.
      fr: |-
        Des chaînes entourent la zone de combat,
        empêchant tous les Pokémon de fuir au
        prochain tour.
      de: |-
        Der Anwender sperrt alle Pokémon ein und hindert
        sie damit in der nächsten Runde an der Flucht.
      es: |-
        Consigue que ningún Pokémon pueda huir en el 
        siguiente turno echando un cerrojo.
      it: |-
        Impone un blocco al terreno di lotta che nel turno
        successivo impedisce a tutti i Pokémon di fuggire.
    lets-go-pikachu-lets-go-eevee:
      ja-Hrkt: |-
        ロックを　かけることによって
        つぎのターン　すべての
        ポケモンを　にげられなくする。
      ja: |-
        ロックを　かけることによって
        次のターン　すべての
        ポケモンを　逃げられなくする。
      ko: |-
        록을 걸어
        다음 턴의 모든 포켓몬을
        도망가지 못하게 한다.
      zh-Hant: |-
        封鎖對戰場地，
        下一回合所有的
        寶可夢都無法逃走。
      zh-Hans: |-
        通过封锁，
        下一回合所有的
        宝可梦都无法逃走。
      en: |-
        By locking down the battlefield, the user keeps all
        Pokémon from fleeing during the next turn.
      fr: |-
        Des chaînes entourent la zone de combat, empêchant
        tous les Pokémon de fuir au prochain tour.
      de: |-
        Der Anwender sperrt alle Pokémon ein und hindert
        sie damit in der nächsten Runde an der Flucht.
      es: |-
        Consigue que ningún Pokémon pueda huir en el 
        siguiente turno echando un cerrojo.
      it: |-
        Impone un blocco al terreno di lotta che nel turno
        successivo impedisce a tutti i Pokémon di fuggire.
    sword-shield:
      ja-Hrkt: |-
        ロックを　かけることによって
        つぎのターン　すべての
        ポケモンを　にげられなくする。
      ja: |-
        ロックを　かけることによって
        次のターン　すべての
        ポケモンを　逃げられなくする。
      ko: |-
        록을 걸어
        다음 턴의 모든 포켓몬을
        도망가지 못하게 한다.
      zh-Hant: |-
        封鎖對戰場地，
        下一回合所有的
        寶可夢都無法逃走。
      zh-Hans: |-
        通过封锁，
        下一回合所有的
        宝可梦都无法逃走。
      en: |-
        By locking down the battlefield, the user keeps all
        Pokémon from fleeing during the next turn.
      fr: |-
        Des chaînes entourent la zone de combat, empêchant
        tous les Pokémon de fuir au prochain tour.
      de: |-
        Der Anwender sperrt alle Pokémon ein und hindert
        sie damit in der nächsten Runde an der Flucht.
      es: |-
        Consigue que ningún Pokémon pueda huir en el 
        siguiente turno echando un cerrojo.
      it: |-
        Impone un blocco al terreno di lotta che nel turno
        successivo impedisce a tutti i Pokémon di fuggire.
  game_index: 587
  generation: generation-vi
  meta:
    min_hits: ~
    max_hits: ~
    min_turns: ~
    max_turns: ~
    drain: 0
    healing: 0
    crit_rate: 0
    ailment_chance: 0
    flinch_chance: 0
    stat_chance: 0
    meta_ailment: none
    meta_category: whole-field-effect
    stat_changes: {  }
  name:
    ja-Hrkt: フェアリーロック
    ja: フェアリーロック
    ko: 페어리록
    zh-Hant: 妖精之鎖
    zh-Hans: 妖精之锁
    en: 'Fairy Lock'
    fr: 'Verrou Enchanté'
    de: Feenschloss
    es: 'Cerrojo Feérico'
    it: 'Blocco Fatato'
  power: ~
  pp: 10
  priority: 0
  super_contest_effect: ~
  target: entire-field
  type: fairy
