heal-block:
  accuracy: 100
  changelog: {  }
  contest_effect: ~
  contest_type: cute
  damage_class: status
  effect: move-effect-237
  effect_chance: ~
  flags:
    - protect
    - reflectable
    - mirror
    - mental
  flavor_text:
    diamond-pearl:
      en: |
        The user prevents
        the foe from using
        any HP-recovery
        moves for five turns.
    platinum:
      en: |
        The user prevents
        the foe from using
        any HP-recovery
        moves for five turns.
    heartgold-soulsilver:
      en: |
        The user prevents
        the foe from using
        any HP-recovery
        moves for five turns.
    black-white:
      en: |-
        For five turns, the user prevents the
        opposing team from using any moves,
        Abilities, or held items that recover HP.
      fr: |-
        Le lanceur empêche l’ennemi d’utiliser ses
        capacités, cap. spé. ou objets tenus pour
        récupérer des PV pendant 5 tours.
    black-2-white-2:
      en: |-
        For five turns, the user prevents the
        opposing team from using any moves,
        Abilities, or held items that recover HP.
    x-y:
      ja-Hrkt: |-
        ５ターンの　あいだ　わざや
        とくせいや　もっている　どうぐによって
        ＨＰを　かいふく　できなく　する。
      ja: |-
        ５ターンの　あいだ　技や
        特性や　持っている　道具によって
        ＨＰを　回復　できなくする。
      ko: |-
        5턴 동안 기술이나 특성,
        지니고 있는 도구에 의한
        HP 회복을 할 수 없게 한다.
      en: |-
        For five turns, the user prevents the
        opposing team from using any moves,
        Abilities, or held items that recover HP.
      fr: |-
        Le lanceur empêche l’ennemi de récupérer
        des PV à l’aide de capacités, talents ou
        objets tenus, pendant cinq tours.
      de: |-
        Anwender verhindert für fünf Runden,
        dass Ziele durch Attacken, Fähigkeiten
        oder Items KP regenerieren.
      es: |-
        Impide al objetivo usar movimientos, habilidades
        y objetos equipados que recuperan PS durante
        cinco turnos.
      it: |-
        Chi la usa impedisce ai nemici che ha intorno
        di utilizzare mosse o abilità recupera-PS
        per cinque turni.
    omega-ruby-alpha-sapphire:
      ja-Hrkt: |-
        ５ターンの　あいだ　わざや
        とくせいや　もっている　どうぐによって
        ＨＰを　かいふく　できなく　する。
      ja: |-
        ５ターンの　あいだ　技や
        特性や　持っている　道具によって
        ＨＰを　回復　できなくする。
      ko: |-
        5턴 동안 기술이나 특성,
        지니고 있는 도구에 의한
        HP 회복을 할 수 없게 한다.
      en: |-
        For five turns, the user prevents the
        opposing team from using any moves,
        Abilities, or held items that recover HP.
      fr: |-
        Le lanceur empêche l’ennemi de récupérer
        des PV à l’aide de capacités, talents ou
        objets tenus, pendant cinq tours.
      de: |-
        Anwender verhindert für fünf Runden,
        dass Ziele durch Attacken, Fähigkeiten
        oder Items KP regenerieren.
      es: |-
        Impide al objetivo usar movimientos, habilidades 
        y objetos equipados que recuperan PS durante
        cinco turnos.
      it: |-
        Chi la usa impedisce ai nemici che ha intorno
        di utilizzare mosse o abilità recupera-PS
        per cinque turni.
    sun-moon:
      ja-Hrkt: |-
        ５ターンの　あいだ　わざや
        とくせいや　もっている　どうぐによって
        ＨＰを　かいふく　できなく　する。
      ja: |-
        ５ターンの　間　技や
        特性や　持っている　道具によって
        ＨＰを　回復　できなくする。
      ko: |-
        5턴 동안 기술이나 특성,
        지니고 있는 도구에 의한
        HP 회복을 할 수 없게 한다.
      zh-Hant: |-
        讓對手在５回合內
        無法利用招式、特性或
        攜帶的道具回復ＨＰ。
      zh-Hans: |-
        在５回合内
        无法通过招式、特性或
        携带的道具来回复ＨＰ。
      en: |-
        For five turns, the user prevents the opposing team
        from using any moves, Abilities, or held items that
        recover HP.
      fr: |-
        Le lanceur empêche l’ennemi de récupérer des PV
        à l’aide de capacités, talents ou objets tenus,
        pendant cinq tours.
      de: |-
        Anwender verhindert für fünf Runden, dass Ziele
        durch Attacken, Fähigkeiten oder Items KP
        regenerieren.
      es: |-
        Impide al objetivo usar movimientos, habilidades 
        y objetos equipados que recuperan PS durante
        cinco turnos.
      it: |-
        Chi la usa impedisce ai nemici che ha intorno
        di utilizzare mosse o abilità recupera-PS
        per cinque turni.
    ultra-sun-ultra-moon:
      ja-Hrkt: |-
        ５ターンの　あいだ　わざや
        とくせいや　もっている　どうぐによって
        ＨＰを　かいふく　できなく　する。
      ja: |-
        ５ターンの　間　技や
        特性や　持っている　道具によって
        ＨＰを　回復　できなくする。
      ko: |-
        5턴 동안 기술이나 특성,
        지니고 있는 도구에 의한
        HP 회복을 할 수 없게 한다.
      zh-Hant: |-
        讓對手在５回合內
        無法利用招式、特性或
        攜帶的道具回復ＨＰ。
      zh-Hans: |-
        在５回合内
        无法通过招式、特性或
        携带的道具来回复ＨＰ。
      en: |-
        For five turns, the user prevents the opposing team
        from using any moves, Abilities, or held items that
        recover HP.
      fr: |-
        Le lanceur empêche l’ennemi de récupérer des PV
        à l’aide de capacités, talents ou objets tenus,
        pendant cinq tours.
      de: |-
        Anwender verhindert für fünf Runden, dass Ziele
        durch Attacken, Fähigkeiten oder Items KP
        regenerieren.
      es: |-
        Impide al objetivo usar movimientos, habilidades 
        y objetos equipados que recuperan PS durante
        cinco turnos.
      it: |-
        Chi la usa impedisce per cinque turni ai nemici che
        ha intorno di utilizzare mosse, abilità e strumenti
        recupera-PS che hanno con sé.
    lets-go-pikachu-lets-go-eevee:
      ja-Hrkt: |-
        ５ターンの　あいだ　わざや
        とくせいや　もっている　どうぐによって
        ＨＰを　かいふく　できなく　する。
      ja: |-
        ５ターンの　間　技や
        特性や　持っている　道具によって
        ＨＰを　回復　できなくする。
      ko: |-
        5턴 동안 기술이나 특성,
        지니고 있는 도구에 의한
        HP 회복을 할 수 없게 한다.
      zh-Hant: |-
        讓對手在５回合內
        無法利用招式、特性或
        攜帶的道具回復HP。
      zh-Hans: |-
        在５回合内
        无法通过招式、特性或
        携带的道具来回复HP。
      en: |-
        For five turns, the user prevents the opposing team
        from using any moves, Abilities, or held items that
        recover HP.
      fr: |-
        Le lanceur empêche l’ennemi de récupérer des PV
        à l’aide de capacités, talents ou objets tenus,
        pendant cinq tours.
      de: |-
        Anwender verhindert für fünf Runden, dass Ziele
        durch Attacken, Fähigkeiten oder Items KP
        regenerieren.
      es: |-
        Impide al objetivo usar movimientos, habilidades 
        y objetos equipados que recuperan PS durante
        cinco turnos.
      it: |-
        Chi la usa impedisce per cinque turni ai nemici che
        ha intorno di utilizzare mosse, abilità e strumenti
        recupera-PS che hanno con sé.
    sword-shield:
      ja-Hrkt: |-
        このわざは　つかえません
        おもいだすことが　できなくなりますが
        わざを　わすれることを　おすすめします
      ja: |-
        この技は　使えません
        思い出すことが　できなくなりますが
        技を　忘れることを　おすすめします
      ko: |-
        사용할 수 없는 기술입니다.
        다시 배우게 할 수 없지만
        기술을 잊게 하는 것을 권장합니다.
      zh-Hant: |-
        無法使用此招式。
        雖然忘記後將無法再想起來，
        但還是建議忘記此招式。
      zh-Hans: |-
        无法使用这个招式。
        虽然忘记之后就再也想不起来了，
        但还是建议忘记这个招式。
      en: |-
        This move can’t be used.
        It’s recommended that this move is forgotten.
        Once forgotten, this move can’t be remembered.
      fr: |-
        Cette capacité ne peut pas être utilisée.
        Il est recommandé de l’oublier, même s’il sera
        impossible de se la remémorer une fois oubliée.
      de: |-
        Diese Attacke kann nicht eingesetzt werden. Du solltest
        dein Pokémon sie vergessen lassen. Beachte aber,
        dass es sich danach nicht wieder an sie erinnern kann.
      es: |-
        Este movimiento no se puede usar, por lo que sería
        mejor olvidarlo, aunque eso implique que no se pueda
        recordar posteriormente.
      it: |-
        Questa mossa non può essere usata.
        È consigliabile farla dimenticare al Pokémon. Tuttavia,
        una volta dimenticata, non potrà più essere ricordata.
  game_index: 377
  generation: generation-iv
  meta:
    min_hits: ~
    max_hits: ~
    min_turns: 5
    max_turns: 5
    drain: 0
    healing: 0
    crit_rate: 0
    ailment_chance: 0
    flinch_chance: 0
    stat_chance: 0
    meta_ailment: heal-block
    meta_category: ailment
    stat_changes: {  }
  name:
    ja-Hrkt: かいふくふうじ
    ja: かいふくふうじ
    ko: 회복봉인
    zh-Hant: 回復封鎖
    zh-Hans: 回复封锁
    en: 'Heal Block'
    fr: Anti-Soin
    de: Heilblockade
    es: Anticura
    it: Anticura
    cs: 'Blokace léčení'
  power: ~
  pp: 15
  priority: 0
  super_contest_effect: super-contest-effect-13
  target: all-opponents
  type: psychic
